
Microsoft Visual Studio Solution File, Format Version 12.00
# Visual Studio Version 17
VisualStudioVersion = 17.2.32516.85
MinimumVisualStudioVersion = 10.0.40219.1
Project("{9A19103F-16F7-4668-BE54-9A1E7A4F7556}") = "Sample.Api", "Sample.Api\Sample.Api.csproj", "{75748239-ADA8-40B9-A5CB-8FE6CC8C2643}"
EndProject
Project("{9A19103F-16F7-4668-BE54-9A1E7A4F7556}") = "Sample.Contracts", "src\Sample.Contracts\Sample.Contracts.csproj", "{CF6A545A-F192-4A2D-9AE8-AC7FFBCC1A09}"
EndProject
Project("{9A19103F-16F7-4668-BE54-9A1E7A4F7556}") = "Sample.Components", "Sample.Components\Sample.Components.csproj", "{EABF15C0-ECBA-412D-AB37-D62EEE73FD5F}"
EndProject
Project("{9A19103F-16F7-4668-BE54-9A1E7A4F7556}") = "Sample.Service", "src\Sample.Service\Sample.Service.csproj", "{B32503BB-B2F7-4DD7-9C0C-27725AAEB716}"
EndProject
Project("{9A19103F-16F7-4668-BE54-9A1E7A4F7556}") = "Sample.Components.Tests", "test\Sample.Components.Tests\Sample.Components.Tests.csproj", "{C9882BDD-CEA2-4856-8BEE-95E58FC616E3}"
EndProject
Project("{2150E333-8FDC-42A3-9474-1A3956D46DE8}") = "tests", "tests", "{784430AE-893E-457A-ADEA-5718CD7B9AC9}"
EndProject
Project("{2150E333-8FDC-42A3-9474-1A3956D46DE8}") = "warehouse", "warehouse", "{6F6E43A4-747E-4C90-8299-EAB313AE7D24}"
EndProject
Project("{9A19103F-16F7-4668-BE54-9A1E7A4F7556}") = "Warehouse.Service", "src\Warehouse.Service\Warehouse.Service.csproj", "{E93B7D14-178A-45E7-B2ED-874CFCDA4386}"
EndProject
Project("{9A19103F-16F7-4668-BE54-9A1E7A4F7556}") = "Warehouse.Contracts", "src\Warehouse.Contracts\Warehouse.Contracts.csproj", "{392CCAFD-E77A-438F-89F2-10ADF8B06DFC}"
EndProject
Project("{9A19103F-16F7-4668-BE54-9A1E7A4F7556}") = "Warehouse.Components", "src\Warehouse.Components\Warehouse.Components.csproj", "{5E479C84-F9A2-4B25-81C4-512668A59CEC}"
EndProject
Global
	GlobalSection(SolutionConfigurationPlatforms) = preSolution
		Debug|Any CPU = Debug|Any CPU
		Release|Any CPU = Release|Any CPU
	EndGlobalSection
	GlobalSection(ProjectConfigurationPlatforms) = postSolution
		{75748239-ADA8-40B9-A5CB-8FE6CC8C2643}.Debug|Any CPU.ActiveCfg = Debug|Any CPU
		{75748239-ADA8-40B9-A5CB-8FE6CC8C2643}.Debug|Any CPU.Build.0 = Debug|Any CPU
		{75748239-ADA8-40B9-A5CB-8FE6CC8C2643}.Release|Any CPU.ActiveCfg = Release|Any CPU
		{75748239-ADA8-40B9-A5CB-8FE6CC8C2643}.Release|Any CPU.Build.0 = Release|Any CPU
		{CF6A545A-F192-4A2D-9AE8-AC7FFBCC1A09}.Debug|Any CPU.ActiveCfg = Debug|Any CPU
		{CF6A545A-F192-4A2D-9AE8-AC7FFBCC1A09}.Debug|Any CPU.Build.0 = Debug|Any CPU
		{CF6A545A-F192-4A2D-9AE8-AC7FFBCC1A09}.Release|Any CPU.ActiveCfg = Release|Any CPU
		{CF6A545A-F192-4A2D-9AE8-AC7FFBCC1A09}.Release|Any CPU.Build.0 = Release|Any CPU
		{EABF15C0-ECBA-412D-AB37-D62EEE73FD5F}.Debug|Any CPU.ActiveCfg = Debug|Any CPU
		{EABF15C0-ECBA-412D-AB37-D62EEE73FD5F}.Debug|Any CPU.Build.0 = Debug|Any CPU
		{EABF15C0-ECBA-412D-AB37-D62EEE73FD5F}.Release|Any CPU.ActiveCfg = Release|Any CPU
		{EABF15C0-ECBA-412D-AB37-D62EEE73FD5F}.Release|Any CPU.Build.0 = Release|Any CPU
		{B32503BB-B2F7-4DD7-9C0C-27725AAEB716}.Debug|Any CPU.ActiveCfg = Debug|Any CPU
		{B32503BB-B2F7-4DD7-9C0C-27725AAEB716}.Debug|Any CPU.Build.0 = Debug|Any CPU
		{B32503BB-B2F7-4DD7-9C0C-27725AAEB716}.Release|Any CPU.ActiveCfg = Release|Any CPU
		{B32503BB-B2F7-4DD7-9C0C-27725AAEB716}.Release|Any CPU.Build.0 = Release|Any CPU
		{C9882BDD-CEA2-4856-8BEE-95E58FC616E3}.Debug|Any CPU.ActiveCfg = Debug|Any CPU
		{C9882BDD-CEA2-4856-8BEE-95E58FC616E3}.Debug|Any CPU.Build.0 = Debug|Any CPU
		{C9882BDD-CEA2-4856-8BEE-95E58FC616E3}.Release|Any CPU.ActiveCfg = Release|Any CPU
		{C9882BDD-CEA2-4856-8BEE-95E58FC616E3}.Release|Any CPU.Build.0 = Release|Any CPU
		{E93B7D14-178A-45E7-B2ED-874CFCDA4386}.Debug|Any CPU.ActiveCfg = Debug|Any CPU
		{E93B7D14-178A-45E7-B2ED-874CFCDA4386}.Debug|Any CPU.Build.0 = Debug|Any CPU
		{E93B7D14-178A-45E7-B2ED-874CFCDA4386}.Release|Any CPU.ActiveCfg = Release|Any CPU
		{E93B7D14-178A-45E7-B2ED-874CFCDA4386}.Release|Any CPU.Build.0 = Release|Any CPU
		{392CCAFD-E77A-438F-89F2-10ADF8B06DFC}.Debug|Any CPU.ActiveCfg = Debug|Any CPU
		{392CCAFD-E77A-438F-89F2-10ADF8B06DFC}.Debug|Any CPU.Build.0 = Debug|Any CPU
		{392CCAFD-E77A-438F-89F2-10ADF8B06DFC}.Release|Any CPU.ActiveCfg = Release|Any CPU
		{392CCAFD-E77A-438F-89F2-10ADF8B06DFC}.Release|Any CPU.Build.0 = Release|Any CPU
		{5E479C84-F9A2-4B25-81C4-512668A59CEC}.Debug|Any CPU.ActiveCfg = Debug|Any CPU
		{5E479C84-F9A2-4B25-81C4-512668A59CEC}.Debug|Any CPU.Build.0 = Debug|Any CPU
		{5E479C84-F9A2-4B25-81C4-512668A59CEC}.Release|Any CPU.ActiveCfg = Release|Any CPU
		{5E479C84-F9A2-4B25-81C4-512668A59CEC}.Release|Any CPU.Build.0 = Release|Any CPU
	EndGlobalSection
	GlobalSection(SolutionProperties) = preSolution
		HideSolutionNode = FALSE
	EndGlobalSection
	GlobalSection(NestedProjects) = preSolution
		{C9882BDD-CEA2-4856-8BEE-95E58FC616E3} = {784430AE-893E-457A-ADEA-5718CD7B9AC9}
		{E93B7D14-178A-45E7-B2ED-874CFCDA4386} = {6F6E43A4-747E-4C90-8299-EAB313AE7D24}
		{392CCAFD-E77A-438F-89F2-10ADF8B06DFC} = {6F6E43A4-747E-4C90-8299-EAB313AE7D24}
		{5E479C84-F9A2-4B25-81C4-512668A59CEC} = {6F6E43A4-747E-4C90-8299-EAB313AE7D24}
	EndGlobalSection
	GlobalSection(ExtensibilityGlobals) = postSolution
		SolutionGuid = {017D82D7-75B1-471A-AE98-7D23DFA118B3}
	EndGlobalSection
EndGlobal
